
Microsoft Visual Studio Solution File, Format Version 12.00
# Visual Studio 14
VisualStudioVersion = 14.0.25123.0
MinimumVisualStudioVersion = 10.0.40219.1
Project("{FAE04EC0-301F-11D3-BF4B-00C04F79EFBC}") = "HelloSap.Droid", "HelloSap\HelloSap.Droid\HelloSap.Droid.csproj", "{43F09BB7-1343-44E3-800E-8DD4E11857AA}"
EndProject
Project("{FAE04EC0-301F-11D3-BF4B-00C04F79EFBC}") = "HelloSap.iOS", "HelloSap\HelloSap.iOS\HelloSap.iOS.csproj", "{2DD67FF1-0E33-4684-8501-1381346B5E0C}"
EndProject
Project("{FAE04EC0-301F-11D3-BF4B-00C04F79EFBC}") = "HelloSap.WinPhone", "HelloSap\HelloSap.WinPhone\HelloSap.WinPhone.csproj", "{35B6321D-966F-446A-B8DB-A9AF9CD5FF0E}"
EndProject
Project("{FAE04EC0-301F-11D3-BF4B-00C04F79EFBC}") = "HelloSap.UWP", "HelloSap\HelloSap.UWP\HelloSap.UWP.csproj", "{7D6E3D12-F900-411A-9D7F-0464804D32E9}"
EndProject
Project("{FAE04EC0-301F-11D3-BF4B-00C04F79EFBC}") = "HelloSap.Windows", "HelloSap\HelloSap.Windows\HelloSap.Windows.csproj", "{371826A2-6B6B-42D0-A071-719D4805C590}"
EndProject
Project("{D954291E-2A0B-460D-934E-DC6B0785DB48}") = "HelloSap", "HelloSap\HelloSap\HelloSap.shproj", "{DEDA9093-461E-4ED8-8193-61BA2D3EF94A}"
EndProject
Global
	GlobalSection(SharedMSBuildProjectFiles) = preSolution
		HelloSap\HelloSap\HelloSap.projitems*{deda9093-461e-4ed8-8193-61ba2d3ef94a}*SharedItemsImports = 13
	EndGlobalSection
	GlobalSection(SolutionConfigurationPlatforms) = preSolution
		Ad-Hoc|Any CPU = Ad-Hoc|Any CPU
		Ad-Hoc|ARM = Ad-Hoc|ARM
		Ad-Hoc|iPhone = Ad-Hoc|iPhone
		Ad-Hoc|iPhoneSimulator = Ad-Hoc|iPhoneSimulator
		Ad-Hoc|x64 = Ad-Hoc|x64
		Ad-Hoc|x86 = Ad-Hoc|x86
		AppStore|Any CPU = AppStore|Any CPU
		AppStore|ARM = AppStore|ARM
		AppStore|iPhone = AppStore|iPhone
		AppStore|iPhoneSimulator = AppStore|iPhoneSimulator
		AppStore|x64 = AppStore|x64
		AppStore|x86 = AppStore|x86
		Debug|Any CPU = Debug|Any CPU
		Debug|ARM = Debug|ARM
		Debug|iPhone = Debug|iPhone
		Debug|iPhoneSimulator = Debug|iPhoneSimulator
		Debug|x64 = Debug|x64
		Debug|x86 = Debug|x86
		Release|Any CPU = Release|Any CPU
		Release|ARM = Release|ARM
		Release|iPhone = Release|iPhone
		Release|iPhoneSimulator = Release|iPhoneSimulator
		Release|x64 = Release|x64
		Release|x86 = Release|x86
	EndGlobalSection
	GlobalSection(ProjectConfigurationPlatforms) = postSolution
		{43F09BB7-1343-44E3-800E-8DD4E11857AA}.Ad-Hoc|Any CPU.ActiveCfg = Release|Any CPU
		{43F09BB7-1343-44E3-800E-8DD4E11857AA}.Ad-Hoc|Any CPU.Build.0 = Release|Any CPU
		{43F09BB7-1343-44E3-800E-8DD4E11857AA}.Ad-Hoc|Any CPU.Deploy.0 = Release|Any CPU
		{43F09BB7-1343-44E3-800E-8DD4E11857AA}.Ad-Hoc|ARM.ActiveCfg = Release|Any CPU
		{43F09BB7-1343-44E3-800E-8DD4E11857AA}.Ad-Hoc|ARM.Build.0 = Release|Any CPU
		{43F09BB7-1343-44E3-800E-8DD4E11857AA}.Ad-Hoc|ARM.Deploy.0 = Release|Any CPU
		{43F09BB7-1343-44E3-800E-8DD4E11857AA}.Ad-Hoc|iPhone.ActiveCfg = Release|Any CPU
		{43F09BB7-1343-44E3-800E-8DD4E11857AA}.Ad-Hoc|iPhone.Build.0 = Release|Any CPU
		{43F09BB7-1343-44E3-800E-8DD4E11857AA}.Ad-Hoc|iPhone.Deploy.0 = Release|Any CPU
		{43F09BB7-1343-44E3-800E-8DD4E11857AA}.Ad-Hoc|iPhoneSimulator.ActiveCfg = Release|Any CPU
		{43F09BB7-1343-44E3-800E-8DD4E11857AA}.Ad-Hoc|iPhoneSimulator.Build.0 = Release|Any CPU
		{43F09BB7-1343-44E3-800E-8DD4E11857AA}.Ad-Hoc|iPhoneSimulator.Deploy.0 = Release|Any CPU
		{43F09BB7-1343-44E3-800E-8DD4E11857AA}.Ad-Hoc|x64.ActiveCfg = Release|Any CPU
		{43F09BB7-1343-44E3-800E-8DD4E11857AA}.Ad-Hoc|x64.Build.0 = Release|Any CPU
		{43F09BB7-1343-44E3-800E-8DD4E11857AA}.Ad-Hoc|x64.Deploy.0 = Release|Any CPU
		{43F09BB7-1343-44E3-800E-8DD4E11857AA}.Ad-Hoc|x86.ActiveCfg = Release|Any CPU
		{43F09BB7-1343-44E3-800E-8DD4E11857AA}.Ad-Hoc|x86.Build.0 = Release|Any CPU
		{43F09BB7-1343-44E3-800E-8DD4E11857AA}.Ad-Hoc|x86.Deploy.0 = Release|Any CPU
		{43F09BB7-1343-44E3-800E-8DD4E11857AA}.AppStore|Any CPU.ActiveCfg = Release|Any CPU
		{43F09BB7-1343-44E3-800E-8DD4E11857AA}.AppStore|Any CPU.Build.0 = Release|Any CPU
		{43F09BB7-1343-44E3-800E-8DD4E11857AA}.AppStore|Any CPU.Deploy.0 = Release|Any CPU
		{43F09BB7-1343-44E3-800E-8DD4E11857AA}.AppStore|ARM.ActiveCfg = Release|Any CPU
		{43F09BB7-1343-44E3-800E-8DD4E11857AA}.AppStore|ARM.Build.0 = Release|Any CPU
		{43F09BB7-1343-44E3-800E-8DD4E11857AA}.AppStore|ARM.Deploy.0 = Release|Any CPU
		{43F09BB7-1343-44E3-800E-8DD4E11857AA}.AppStore|iPhone.ActiveCfg = Release|Any CPU
		{43F09BB7-1343-44E3-800E-8DD4E11857AA}.AppStore|iPhone.Build.0 = Release|Any CPU
		{43F09BB7-1343-44E3-800E-8DD4E11857AA}.AppStore|iPhone.Deploy.0 = Release|Any CPU
		{43F09BB7-1343-44E3-800E-8DD4E11857AA}.AppStore|iPhoneSimulator.ActiveCfg = Release|Any CPU
		{43F09BB7-1343-44E3-800E-8DD4E11857AA}.AppStore|iPhoneSimulator.Build.0 = Release|Any CPU
		{43F09BB7-1343-44E3-800E-8DD4E11857AA}.AppStore|iPhoneSimulator.Deploy.0 = Release|Any CPU
		{43F09BB7-1343-44E3-800E-8DD4E11857AA}.AppStore|x64.ActiveCfg = Release|Any CPU
		{43F09BB7-1343-44E3-800E-8DD4E11857AA}.AppStore|x64.Build.0 = Release|Any CPU
		{43F09BB7-1343-44E3-800E-8DD4E11857AA}.AppStore|x64.Deploy.0 = Release|Any CPU
		{43F09BB7-1343-44E3-800E-8DD4E11857AA}.AppStore|x86.ActiveCfg = Release|Any CPU
		{43F09BB7-1343-44E3-800E-8DD4E11857AA}.AppStore|x86.Build.0 = Release|Any CPU
		{43F09BB7-1343-44E3-800E-8DD4E11857AA}.AppStore|x86.Deploy.0 = Release|Any CPU
		{43F09BB7-1343-44E3-800E-8DD4E11857AA}.Debug|Any CPU.ActiveCfg = Debug|Any CPU
		{43F09BB7-1343-44E3-800E-8DD4E11857AA}.Debug|Any CPU.Build.0 = Debug|Any CPU
		{43F09BB7-1343-44E3-800E-8DD4E11857AA}.Debug|Any CPU.Deploy.0 = Debug|Any CPU
		{43F09BB7-1343-44E3-800E-8DD4E11857AA}.Debug|ARM.ActiveCfg = Debug|Any CPU
		{43F09BB7-1343-44E3-800E-8DD4E11857AA}.Debug|ARM.Build.0 = Debug|Any CPU
		{43F09BB7-1343-44E3-800E-8DD4E11857AA}.Debug|ARM.Deploy.0 = Debug|Any CPU
		{43F09BB7-1343-44E3-800E-8DD4E11857AA}.Debug|iPhone.ActiveCfg = Debug|Any CPU
		{43F09BB7-1343-44E3-800E-8DD4E11857AA}.Debug|iPhone.Build.0 = Debug|Any CPU
		{43F09BB7-1343-44E3-800E-8DD4E11857AA}.Debug|iPhone.Deploy.0 = Debug|Any CPU
		{43F09BB7-1343-44E3-800E-8DD4E11857AA}.Debug|iPhoneSimulator.ActiveCfg = Debug|Any CPU
		{43F09BB7-1343-44E3-800E-8DD4E11857AA}.Debug|iPhoneSimulator.Build.0 = Debug|Any CPU
		{43F09BB7-1343-44E3-800E-8DD4E11857AA}.Debug|iPhoneSimulator.Deploy.0 = Debug|Any CPU
		{43F09BB7-1343-44E3-800E-8DD4E11857AA}.Debug|x64.ActiveCfg = Debug|Any CPU
		{43F09BB7-1343-44E3-800E-8DD4E11857AA}.Debug|x64.Build.0 = Debug|Any CPU
		{43F09BB7-1343-44E3-800E-8DD4E11857AA}.Debug|x64.Deploy.0 = Debug|Any CPU
		{43F09BB7-1343-44E3-800E-8DD4E11857AA}.Debug|x86.ActiveCfg = Debug|Any CPU
		{43F09BB7-1343-44E3-800E-8DD4E11857AA}.Debug|x86.Build.0 = Debug|Any CPU
		{43F09BB7-1343-44E3-800E-8DD4E11857AA}.Debug|x86.Deploy.0 = Debug|Any CPU
		{43F09BB7-1343-44E3-800E-8DD4E11857AA}.Release|Any CPU.ActiveCfg = Release|Any CPU
		{43F09BB7-1343-44E3-800E-8DD4E11857AA}.Release|Any CPU.Build.0 = Release|Any CPU
		{43F09BB7-1343-44E3-800E-8DD4E11857AA}.Release|Any CPU.Deploy.0 = Release|Any CPU
		{43F09BB7-1343-44E3-800E-8DD4E11857AA}.Release|ARM.ActiveCfg = Release|Any CPU
		{43F09BB7-1343-44E3-800E-8DD4E11857AA}.Release|ARM.Build.0 = Release|Any CPU
		{43F09BB7-1343-44E3-800E-8DD4E11857AA}.Release|ARM.Deploy.0 = Release|Any CPU
		{43F09BB7-1343-44E3-800E-8DD4E11857AA}.Release|iPhone.ActiveCfg = Release|Any CPU
		{43F09BB7-1343-44E3-800E-8DD4E11857AA}.Release|iPhone.Build.0 = Release|Any CPU
		{43F09BB7-1343-44E3-800E-8DD4E11857AA}.Release|iPhone.Deploy.0 = Release|Any CPU
		{43F09BB7-1343-44E3-800E-8DD4E11857AA}.Release|iPhoneSimulator.ActiveCfg = Release|Any CPU
		{43F09BB7-1343-44E3-800E-8DD4E11857AA}.Release|iPhoneSimulator.Build.0 = Release|Any CPU
		{43F09BB7-1343-44E3-800E-8DD4E11857AA}.Release|iPhoneSimulator.Deploy.0 = Release|Any CPU
		{43F09BB7-1343-44E3-800E-8DD4E11857AA}.Release|x64.ActiveCfg = Release|Any CPU
		{43F09BB7-1343-44E3-800E-8DD4E11857AA}.Release|x64.Build.0 = Release|Any CPU
		{43F09BB7-1343-44E3-800E-8DD4E11857AA}.Release|x64.Deploy.0 = Release|Any CPU
		{43F09BB7-1343-44E3-800E-8DD4E11857AA}.Release|x86.ActiveCfg = Release|Any CPU
		{43F09BB7-1343-44E3-800E-8DD4E11857AA}.Release|x86.Build.0 = Release|Any CPU
		{43F09BB7-1343-44E3-800E-8DD4E11857AA}.Release|x86.Deploy.0 = Release|Any CPU
		{2DD67FF1-0E33-4684-8501-1381346B5E0C}.Ad-Hoc|Any CPU.ActiveCfg = Ad-Hoc|iPhone
		{2DD67FF1-0E33-4684-8501-1381346B5E0C}.Ad-Hoc|ARM.ActiveCfg = Ad-Hoc|iPhone
		{2DD67FF1-0E33-4684-8501-1381346B5E0C}.Ad-Hoc|iPhone.ActiveCfg = Ad-Hoc|iPhone
		{2DD67FF1-0E33-4684-8501-1381346B5E0C}.Ad-Hoc|iPhone.Build.0 = Ad-Hoc|iPhone
		{2DD67FF1-0E33-4684-8501-1381346B5E0C}.Ad-Hoc|iPhoneSimulator.ActiveCfg = Ad-Hoc|iPhoneSimulator
		{2DD67FF1-0E33-4684-8501-1381346B5E0C}.Ad-Hoc|iPhoneSimulator.Build.0 = Ad-Hoc|iPhoneSimulator
		{2DD67FF1-0E33-4684-8501-1381346B5E0C}.Ad-Hoc|x64.ActiveCfg = Ad-Hoc|iPhone
		{2DD67FF1-0E33-4684-8501-1381346B5E0C}.Ad-Hoc|x86.ActiveCfg = Ad-Hoc|iPhone
		{2DD67FF1-0E33-4684-8501-1381346B5E0C}.AppStore|Any CPU.ActiveCfg = AppStore|iPhone
		{2DD67FF1-0E33-4684-8501-1381346B5E0C}.AppStore|ARM.ActiveCfg = AppStore|iPhone
		{2DD67FF1-0E33-4684-8501-1381346B5E0C}.AppStore|iPhone.ActiveCfg = AppStore|iPhone
		{2DD67FF1-0E33-4684-8501-1381346B5E0C}.AppStore|iPhone.Build.0 = AppStore|iPhone
		{2DD67FF1-0E33-4684-8501-1381346B5E0C}.AppStore|iPhoneSimulator.ActiveCfg = AppStore|iPhoneSimulator
		{2DD67FF1-0E33-4684-8501-1381346B5E0C}.AppStore|iPhoneSimulator.Build.0 = AppStore|iPhoneSimulator
		{2DD67FF1-0E33-4684-8501-1381346B5E0C}.AppStore|x64.ActiveCfg = AppStore|iPhone
		{2DD67FF1-0E33-4684-8501-1381346B5E0C}.AppStore|x86.ActiveCfg = AppStore|iPhone
		{2DD67FF1-0E33-4684-8501-1381346B5E0C}.Debug|Any CPU.ActiveCfg = Debug|iPhone
		{2DD67FF1-0E33-4684-8501-1381346B5E0C}.Debug|ARM.ActiveCfg = Debug|iPhone
		{2DD67FF1-0E33-4684-8501-1381346B5E0C}.Debug|iPhone.ActiveCfg = Debug|iPhone
		{2DD67FF1-0E33-4684-8501-1381346B5E0C}.Debug|iPhone.Build.0 = Debug|iPhone
		{2DD67FF1-0E33-4684-8501-1381346B5E0C}.Debug|iPhoneSimulator.ActiveCfg = Debug|iPhoneSimulator
		{2DD67FF1-0E33-4684-8501-1381346B5E0C}.Debug|iPhoneSimulator.Build.0 = Debug|iPhoneSimulator
		{2DD67FF1-0E33-4684-8501-1381346B5E0C}.Debug|x64.ActiveCfg = Debug|iPhone
		{2DD67FF1-0E33-4684-8501-1381346B5E0C}.Debug|x86.ActiveCfg = Debug|iPhone
		{2DD67FF1-0E33-4684-8501-1381346B5E0C}.Release|Any CPU.ActiveCfg = Release|iPhone
		{2DD67FF1-0E33-4684-8501-1381346B5E0C}.Release|ARM.ActiveCfg = Release|iPhone
		{2DD67FF1-0E33-4684-8501-1381346B5E0C}.Release|iPhone.ActiveCfg = Release|iPhone
		{2DD67FF1-0E33-4684-8501-1381346B5E0C}.Release|iPhone.Build.0 = Release|iPhone
		{2DD67FF1-0E33-4684-8501-1381346B5E0C}.Release|iPhoneSimulator.ActiveCfg = Release|iPhoneSimulator
		{2DD67FF1-0E33-4684-8501-1381346B5E0C}.Release|iPhoneSimulator.Build.0 = Release|iPhoneSimulator
		{2DD67FF1-0E33-4684-8501-1381346B5E0C}.Release|x64.ActiveCfg = Release|iPhone
		{2DD67FF1-0E33-4684-8501-1381346B5E0C}.Release|x86.ActiveCfg = Release|iPhone
		{35B6321D-966F-446A-B8DB-A9AF9CD5FF0E}.Ad-Hoc|Any CPU.ActiveCfg = Release|Any CPU
		{35B6321D-966F-446A-B8DB-A9AF9CD5FF0E}.Ad-Hoc|Any CPU.Build.0 = Release|Any CPU
		{35B6321D-966F-446A-B8DB-A9AF9CD5FF0E}.Ad-Hoc|Any CPU.Deploy.0 = Release|Any CPU
		{35B6321D-966F-446A-B8DB-A9AF9CD5FF0E}.Ad-Hoc|ARM.ActiveCfg = Release|ARM
		{35B6321D-966F-446A-B8DB-A9AF9CD5FF0E}.Ad-Hoc|ARM.Build.0 = Release|ARM
		{35B6321D-966F-446A-B8DB-A9AF9CD5FF0E}.Ad-Hoc|ARM.Deploy.0 = Release|ARM
		{35B6321D-966F-446A-B8DB-A9AF9CD5FF0E}.Ad-Hoc|iPhone.ActiveCfg = Release|Any CPU
		{35B6321D-966F-446A-B8DB-A9AF9CD5FF0E}.Ad-Hoc|iPhone.Build.0 = Release|Any CPU
		{35B6321D-966F-446A-B8DB-A9AF9CD5FF0E}.Ad-Hoc|iPhone.Deploy.0 = Release|Any CPU
		{35B6321D-966F-446A-B8DB-A9AF9CD5FF0E}.Ad-Hoc|iPhoneSimulator.ActiveCfg = Release|Any CPU
		{35B6321D-966F-446A-B8DB-A9AF9CD5FF0E}.Ad-Hoc|iPhoneSimulator.Build.0 = Release|Any CPU
		{35B6321D-966F-446A-B8DB-A9AF9CD5FF0E}.Ad-Hoc|iPhoneSimulator.Deploy.0 = Release|Any CPU
		{35B6321D-966F-446A-B8DB-A9AF9CD5FF0E}.Ad-Hoc|x64.ActiveCfg = Release|Any CPU
		{35B6321D-966F-446A-B8DB-A9AF9CD5FF0E}.Ad-Hoc|x64.Build.0 = Release|Any CPU
		{35B6321D-966F-446A-B8DB-A9AF9CD5FF0E}.Ad-Hoc|x64.Deploy.0 = Release|Any CPU
		{35B6321D-966F-446A-B8DB-A9AF9CD5FF0E}.Ad-Hoc|x86.ActiveCfg = Release|x86
		{35B6321D-966F-446A-B8DB-A9AF9CD5FF0E}.Ad-Hoc|x86.Build.0 = Release|x86
		{35B6321D-966F-446A-B8DB-A9AF9CD5FF0E}.Ad-Hoc|x86.Deploy.0 = Release|x86
		{35B6321D-966F-446A-B8DB-A9AF9CD5FF0E}.AppStore|Any CPU.ActiveCfg = Release|Any CPU
		{35B6321D-966F-446A-B8DB-A9AF9CD5FF0E}.AppStore|Any CPU.Build.0 = Release|Any CPU
		{35B6321D-966F-446A-B8DB-A9AF9CD5FF0E}.AppStore|Any CPU.Deploy.0 = Release|Any CPU
		{35B6321D-966F-446A-B8DB-A9AF9CD5FF0E}.AppStore|ARM.ActiveCfg = Release|ARM
		{35B6321D-966F-446A-B8DB-A9AF9CD5FF0E}.AppStore|ARM.Build.0 = Release|ARM
		{35B6321D-966F-446A-B8DB-A9AF9CD5FF0E}.AppStore|ARM.Deploy.0 = Release|ARM
		{35B6321D-966F-446A-B8DB-A9AF9CD5FF0E}.AppStore|iPhone.ActiveCfg = Release|Any CPU
		{35B6321D-966F-446A-B8DB-A9AF9CD5FF0E}.AppStore|iPhone.Build.0 = Release|Any CPU
		{35B6321D-966F-446A-B8DB-A9AF9CD5FF0E}.AppStore|iPhone.Deploy.0 = Release|Any CPU
		{35B6321D-966F-446A-B8DB-A9AF9CD5FF0E}.AppStore|iPhoneSimulator.ActiveCfg = Release|Any CPU
		{35B6321D-966F-446A-B8DB-A9AF9CD5FF0E}.AppStore|iPhoneSimulator.Build.0 = Release|Any CPU
		{35B6321D-966F-446A-B8DB-A9AF9CD5FF0E}.AppStore|iPhoneSimulator.Deploy.0 = Release|Any CPU
		{35B6321D-966F-446A-B8DB-A9AF9CD5FF0E}.AppStore|x64.ActiveCfg = Release|Any CPU
		{35B6321D-966F-446A-B8DB-A9AF9CD5FF0E}.AppStore|x64.Build.0 = Release|Any CPU
		{35B6321D-966F-446A-B8DB-A9AF9CD5FF0E}.AppStore|x64.Deploy.0 = Release|Any CPU
		{35B6321D-966F-446A-B8DB-A9AF9CD5FF0E}.AppStore|x86.ActiveCfg = Release|x86
		{35B6321D-966F-446A-B8DB-A9AF9CD5FF0E}.AppStore|x86.Build.0 = Release|x86
		{35B6321D-966F-446A-B8DB-A9AF9CD5FF0E}.AppStore|x86.Deploy.0 = Release|x86
		{35B6321D-966F-446A-B8DB-A9AF9CD5FF0E}.Debug|Any CPU.ActiveCfg = Debug|Any CPU
		{35B6321D-966F-446A-B8DB-A9AF9CD5FF0E}.Debug|Any CPU.Build.0 = Debug|Any CPU
		{35B6321D-966F-446A-B8DB-A9AF9CD5FF0E}.Debug|Any CPU.Deploy.0 = Debug|Any CPU
		{35B6321D-966F-446A-B8DB-A9AF9CD5FF0E}.Debug|ARM.ActiveCfg = Debug|ARM
		{35B6321D-966F-446A-B8DB-A9AF9CD5FF0E}.Debug|ARM.Build.0 = Debug|ARM
		{35B6321D-966F-446A-B8DB-A9AF9CD5FF0E}.Debug|ARM.Deploy.0 = Debug|ARM
		{35B6321D-966F-446A-B8DB-A9AF9CD5FF0E}.Debug|iPhone.ActiveCfg = Debug|Any CPU
		{35B6321D-966F-446A-B8DB-A9AF9CD5FF0E}.Debug|iPhone.Build.0 = Debug|Any CPU
		{35B6321D-966F-446A-B8DB-A9AF9CD5FF0E}.Debug|iPhone.Deploy.0 = Debug|Any CPU
		{35B6321D-966F-446A-B8DB-A9AF9CD5FF0E}.Debug|iPhoneSimulator.ActiveCfg = Debug|Any CPU
		{35B6321D-966F-446A-B8DB-A9AF9CD5FF0E}.Debug|iPhoneSimulator.Build.0 = Debug|Any CPU
		{35B6321D-966F-446A-B8DB-A9AF9CD5FF0E}.Debug|iPhoneSimulator.Deploy.0 = Debug|Any CPU
		{35B6321D-966F-446A-B8DB-A9AF9CD5FF0E}.Debug|x64.ActiveCfg = Debug|Any CPU
		{35B6321D-966F-446A-B8DB-A9AF9CD5FF0E}.Debug|x64.Build.0 = Debug|Any CPU
		{35B6321D-966F-446A-B8DB-A9AF9CD5FF0E}.Debug|x64.Deploy.0 = Debug|Any CPU
		{35B6321D-966F-446A-B8DB-A9AF9CD5FF0E}.Debug|x86.ActiveCfg = Debug|x86
		{35B6321D-966F-446A-B8DB-A9AF9CD5FF0E}.Debug|x86.Build.0 = Debug|x86
		{35B6321D-966F-446A-B8DB-A9AF9CD5FF0E}.Debug|x86.Deploy.0 = Debug|x86
		{35B6321D-966F-446A-B8DB-A9AF9CD5FF0E}.Release|Any CPU.ActiveCfg = Release|Any CPU
		{35B6321D-966F-446A-B8DB-A9AF9CD5FF0E}.Release|Any CPU.Build.0 = Release|Any CPU
		{35B6321D-966F-446A-B8DB-A9AF9CD5FF0E}.Release|Any CPU.Deploy.0 = Release|Any CPU
		{35B6321D-966F-446A-B8DB-A9AF9CD5FF0E}.Release|ARM.ActiveCfg = Release|ARM
		{35B6321D-966F-446A-B8DB-A9AF9CD5FF0E}.Release|ARM.Build.0 = Release|ARM
		{35B6321D-966F-446A-B8DB-A9AF9CD5FF0E}.Release|ARM.Deploy.0 = Release|ARM
		{35B6321D-966F-446A-B8DB-A9AF9CD5FF0E}.Release|iPhone.ActiveCfg = Release|Any CPU
		{35B6321D-966F-446A-B8DB-A9AF9CD5FF0E}.Release|iPhone.Build.0 = Release|Any CPU
		{35B6321D-966F-446A-B8DB-A9AF9CD5FF0E}.Release|iPhone.Deploy.0 = Release|Any CPU
		{35B6321D-966F-446A-B8DB-A9AF9CD5FF0E}.Release|iPhoneSimulator.ActiveCfg = Release|Any CPU
		{35B6321D-966F-446A-B8DB-A9AF9CD5FF0E}.Release|iPhoneSimulator.Build.0 = Release|Any CPU
		{35B6321D-966F-446A-B8DB-A9AF9CD5FF0E}.Release|iPhoneSimulator.Deploy.0 = Release|Any CPU
		{35B6321D-966F-446A-B8DB-A9AF9CD5FF0E}.Release|x64.ActiveCfg = Release|Any CPU
		{35B6321D-966F-446A-B8DB-A9AF9CD5FF0E}.Release|x64.Build.0 = Release|Any CPU
		{35B6321D-966F-446A-B8DB-A9AF9CD5FF0E}.Release|x64.Deploy.0 = Release|Any CPU
		{35B6321D-966F-446A-B8DB-A9AF9CD5FF0E}.Release|x86.ActiveCfg = Release|x86
		{35B6321D-966F-446A-B8DB-A9AF9CD5FF0E}.Release|x86.Build.0 = Release|x86
		{35B6321D-966F-446A-B8DB-A9AF9CD5FF0E}.Release|x86.Deploy.0 = Release|x86
		{7D6E3D12-F900-411A-9D7F-0464804D32E9}.Ad-Hoc|Any CPU.ActiveCfg = Release|x86
		{7D6E3D12-F900-411A-9D7F-0464804D32E9}.Ad-Hoc|Any CPU.Build.0 = Release|x86
		{7D6E3D12-F900-411A-9D7F-0464804D32E9}.Ad-Hoc|Any CPU.Deploy.0 = Release|x86
		{7D6E3D12-F900-411A-9D7F-0464804D32E9}.Ad-Hoc|ARM.ActiveCfg = Release|ARM
		{7D6E3D12-F900-411A-9D7F-0464804D32E9}.Ad-Hoc|ARM.Build.0 = Release|ARM
		{7D6E3D12-F900-411A-9D7F-0464804D32E9}.Ad-Hoc|ARM.Deploy.0 = Release|ARM
		{7D6E3D12-F900-411A-9D7F-0464804D32E9}.Ad-Hoc|iPhone.ActiveCfg = Release|x86
		{7D6E3D12-F900-411A-9D7F-0464804D32E9}.Ad-Hoc|iPhone.Build.0 = Release|x86
		{7D6E3D12-F900-411A-9D7F-0464804D32E9}.Ad-Hoc|iPhone.Deploy.0 = Release|x86
		{7D6E3D12-F900-411A-9D7F-0464804D32E9}.Ad-Hoc|iPhoneSimulator.ActiveCfg = Release|x86
		{7D6E3D12-F900-411A-9D7F-0464804D32E9}.Ad-Hoc|iPhoneSimulator.Build.0 = Release|x86
		{7D6E3D12-F900-411A-9D7F-0464804D32E9}.Ad-Hoc|iPhoneSimulator.Deploy.0 = Release|x86
		{7D6E3D12-F900-411A-9D7F-0464804D32E9}.Ad-Hoc|x64.ActiveCfg = Release|x64
		{7D6E3D12-F900-411A-9D7F-0464804D32E9}.Ad-Hoc|x64.Build.0 = Release|x64
		{7D6E3D12-F900-411A-9D7F-0464804D32E9}.Ad-Hoc|x64.Deploy.0 = Release|x64
		{7D6E3D12-F900-411A-9D7F-0464804D32E9}.Ad-Hoc|x86.ActiveCfg = Release|x86
		{7D6E3D12-F900-411A-9D7F-0464804D32E9}.Ad-Hoc|x86.Build.0 = Release|x86
		{7D6E3D12-F900-411A-9D7F-0464804D32E9}.Ad-Hoc|x86.Deploy.0 = Release|x86
		{7D6E3D12-F900-411A-9D7F-0464804D32E9}.AppStore|Any CPU.ActiveCfg = Release|x86
		{7D6E3D12-F900-411A-9D7F-0464804D32E9}.AppStore|Any CPU.Build.0 = Release|x86
		{7D6E3D12-F900-411A-9D7F-0464804D32E9}.AppStore|Any CPU.Deploy.0 = Release|x86
		{7D6E3D12-F900-411A-9D7F-0464804D32E9}.AppStore|ARM.ActiveCfg = Release|ARM
		{7D6E3D12-F900-411A-9D7F-0464804D32E9}.AppStore|ARM.Build.0 = Release|ARM
		{7D6E3D12-F900-411A-9D7F-0464804D32E9}.AppStore|ARM.Deploy.0 = Release|ARM
		{7D6E3D12-F900-411A-9D7F-0464804D32E9}.AppStore|iPhone.ActiveCfg = Release|x86
		{7D6E3D12-F900-411A-9D7F-0464804D32E9}.AppStore|iPhone.Build.0 = Release|x86
		{7D6E3D12-F900-411A-9D7F-0464804D32E9}.AppStore|iPhone.Deploy.0 = Release|x86
		{7D6E3D12-F900-411A-9D7F-0464804D32E9}.AppStore|iPhoneSimulator.ActiveCfg = Release|x86
		{7D6E3D12-F900-411A-9D7F-0464804D32E9}.AppStore|iPhoneSimulator.Build.0 = Release|x86
		{7D6E3D12-F900-411A-9D7F-0464804D32E9}.AppStore|iPhoneSimulator.Deploy.0 = Release|x86
		{7D6E3D12-F900-411A-9D7F-0464804D32E9}.AppStore|x64.ActiveCfg = Release|x64
		{7D6E3D12-F900-411A-9D7F-0464804D32E9}.AppStore|x64.Build.0 = Release|x64
		{7D6E3D12-F900-411A-9D7F-0464804D32E9}.AppStore|x64.Deploy.0 = Release|x64
		{7D6E3D12-F900-411A-9D7F-0464804D32E9}.AppStore|x86.ActiveCfg = Release|x86
		{7D6E3D12-F900-411A-9D7F-0464804D32E9}.AppStore|x86.Build.0 = Release|x86
		{7D6E3D12-F900-411A-9D7F-0464804D32E9}.AppStore|x86.Deploy.0 = Release|x86
		{7D6E3D12-F900-411A-9D7F-0464804D32E9}.Debug|Any CPU.ActiveCfg = Debug|x86
		{7D6E3D12-F900-411A-9D7F-0464804D32E9}.Debug|ARM.ActiveCfg = Debug|ARM
		{7D6E3D12-F900-411A-9D7F-0464804D32E9}.Debug|ARM.Build.0 = Debug|ARM
		{7D6E3D12-F900-411A-9D7F-0464804D32E9}.Debug|ARM.Deploy.0 = Debug|ARM
		{7D6E3D12-F900-411A-9D7F-0464804D32E9}.Debug|iPhone.ActiveCfg = Debug|x86
		{7D6E3D12-F900-411A-9D7F-0464804D32E9}.Debug|iPhoneSimulator.ActiveCfg = Debug|x86
		{7D6E3D12-F900-411A-9D7F-0464804D32E9}.Debug|x64.ActiveCfg = Debug|x64
		{7D6E3D12-F900-411A-9D7F-0464804D32E9}.Debug|x64.Build.0 = Debug|x64
		{7D6E3D12-F900-411A-9D7F-0464804D32E9}.Debug|x64.Deploy.0 = Debug|x64
		{7D6E3D12-F900-411A-9D7F-0464804D32E9}.Debug|x86.ActiveCfg = Debug|x86
		{7D6E3D12-F900-411A-9D7F-0464804D32E9}.Debug|x86.Build.0 = Debug|x86
		{7D6E3D12-F900-411A-9D7F-0464804D32E9}.Debug|x86.Deploy.0 = Debug|x86
		{7D6E3D12-F900-411A-9D7F-0464804D32E9}.Release|Any CPU.ActiveCfg = Release|x86
		{7D6E3D12-F900-411A-9D7F-0464804D32E9}.Release|ARM.ActiveCfg = Release|ARM
		{7D6E3D12-F900-411A-9D7F-0464804D32E9}.Release|ARM.Build.0 = Release|ARM
		{7D6E3D12-F900-411A-9D7F-0464804D32E9}.Release|ARM.Deploy.0 = Release|ARM
		{7D6E3D12-F900-411A-9D7F-0464804D32E9}.Release|iPhone.ActiveCfg = Release|x86
		{7D6E3D12-F900-411A-9D7F-0464804D32E9}.Release|iPhoneSimulator.ActiveCfg = Release|x86
		{7D6E3D12-F900-411A-9D7F-0464804D32E9}.Release|x64.ActiveCfg = Release|x64
		{7D6E3D12-F900-411A-9D7F-0464804D32E9}.Release|x64.Build.0 = Release|x64
		{7D6E3D12-F900-411A-9D7F-0464804D32E9}.Release|x64.Deploy.0 = Release|x64
		{7D6E3D12-F900-411A-9D7F-0464804D32E9}.Release|x86.ActiveCfg = Release|x86
		{7D6E3D12-F900-411A-9D7F-0464804D32E9}.Release|x86.Build.0 = Release|x86
		{7D6E3D12-F900-411A-9D7F-0464804D32E9}.Release|x86.Deploy.0 = Release|x86
		{371826A2-6B6B-42D0-A071-719D4805C590}.Ad-Hoc|Any CPU.ActiveCfg = Release|Any CPU
		{371826A2-6B6B-42D0-A071-719D4805C590}.Ad-Hoc|Any CPU.Build.0 = Release|Any CPU
		{371826A2-6B6B-42D0-A071-719D4805C590}.Ad-Hoc|Any CPU.Deploy.0 = Release|Any CPU
		{371826A2-6B6B-42D0-A071-719D4805C590}.Ad-Hoc|ARM.ActiveCfg = Release|ARM
		{371826A2-6B6B-42D0-A071-719D4805C590}.Ad-Hoc|ARM.Build.0 = Release|ARM
		{371826A2-6B6B-42D0-A071-719D4805C590}.Ad-Hoc|ARM.Deploy.0 = Release|ARM
		{371826A2-6B6B-42D0-A071-719D4805C590}.Ad-Hoc|iPhone.ActiveCfg = Release|Any CPU
		{371826A2-6B6B-42D0-A071-719D4805C590}.Ad-Hoc|iPhone.Build.0 = Release|Any CPU
		{371826A2-6B6B-42D0-A071-719D4805C590}.Ad-Hoc|iPhone.Deploy.0 = Release|Any CPU
		{371826A2-6B6B-42D0-A071-719D4805C590}.Ad-Hoc|iPhoneSimulator.ActiveCfg = Release|Any CPU
		{371826A2-6B6B-42D0-A071-719D4805C590}.Ad-Hoc|iPhoneSimulator.Build.0 = Release|Any CPU
		{371826A2-6B6B-42D0-A071-719D4805C590}.Ad-Hoc|iPhoneSimulator.Deploy.0 = Release|Any CPU
		{371826A2-6B6B-42D0-A071-719D4805C590}.Ad-Hoc|x64.ActiveCfg = Release|x64
		{371826A2-6B6B-42D0-A071-719D4805C590}.Ad-Hoc|x64.Build.0 = Release|x64
		{371826A2-6B6B-42D0-A071-719D4805C590}.Ad-Hoc|x64.Deploy.0 = Release|x64
		{371826A2-6B6B-42D0-A071-719D4805C590}.Ad-Hoc|x86.ActiveCfg = Release|x86
		{371826A2-6B6B-42D0-A071-719D4805C590}.Ad-Hoc|x86.Build.0 = Release|x86
		{371826A2-6B6B-42D0-A071-719D4805C590}.Ad-Hoc|x86.Deploy.0 = Release|x86
		{371826A2-6B6B-42D0-A071-719D4805C590}.AppStore|Any CPU.ActiveCfg = Release|Any CPU
		{371826A2-6B6B-42D0-A071-719D4805C590}.AppStore|Any CPU.Build.0 = Release|Any CPU
		{371826A2-6B6B-42D0-A071-719D4805C590}.AppStore|Any CPU.Deploy.0 = Release|Any CPU
		{371826A2-6B6B-42D0-A071-719D4805C590}.AppStore|ARM.ActiveCfg = Release|ARM
		{371826A2-6B6B-42D0-A071-719D4805C590}.AppStore|ARM.Build.0 = Release|ARM
		{371826A2-6B6B-42D0-A071-719D4805C590}.AppStore|ARM.Deploy.0 = Release|ARM
		{371826A2-6B6B-42D0-A071-719D4805C590}.AppStore|iPhone.ActiveCfg = Release|Any CPU
		{371826A2-6B6B-42D0-A071-719D4805C590}.AppStore|iPhone.Build.0 = Release|Any CPU
		{371826A2-6B6B-42D0-A071-719D4805C590}.AppStore|iPhone.Deploy.0 = Release|Any CPU
		{371826A2-6B6B-42D0-A071-719D4805C590}.AppStore|iPhoneSimulator.ActiveCfg = Release|Any CPU
		{371826A2-6B6B-42D0-A071-719D4805C590}.AppStore|iPhoneSimulator.Build.0 = Release|Any CPU
		{371826A2-6B6B-42D0-A071-719D4805C590}.AppStore|iPhoneSimulator.Deploy.0 = Release|Any CPU
		{371826A2-6B6B-42D0-A071-719D4805C590}.AppStore|x64.ActiveCfg = Release|x64
		{371826A2-6B6B-42D0-A071-719D4805C590}.AppStore|x64.Build.0 = Release|x64
		{371826A2-6B6B-42D0-A071-719D4805C590}.AppStore|x64.Deploy.0 = Release|x64
		{371826A2-6B6B-42D0-A071-719D4805C590}.AppStore|x86.ActiveCfg = Release|x86
		{371826A2-6B6B-42D0-A071-719D4805C590}.AppStore|x86.Build.0 = Release|x86
		{371826A2-6B6B-42D0-A071-719D4805C590}.AppStore|x86.Deploy.0 = Release|x86
		{371826A2-6B6B-42D0-A071-719D4805C590}.Debug|Any CPU.ActiveCfg = Debug|Any CPU
		{371826A2-6B6B-42D0-A071-719D4805C590}.Debug|Any CPU.Build.0 = Debug|Any CPU
		{371826A2-6B6B-42D0-A071-719D4805C590}.Debug|Any CPU.Deploy.0 = Debug|Any CPU
		{371826A2-6B6B-42D0-A071-719D4805C590}.Debug|ARM.ActiveCfg = Debug|ARM
		{371826A2-6B6B-42D0-A071-719D4805C590}.Debug|ARM.Build.0 = Debug|ARM
		{371826A2-6B6B-42D0-A071-719D4805C590}.Debug|ARM.Deploy.0 = Debug|ARM
		{371826A2-6B6B-42D0-A071-719D4805C590}.Debug|iPhone.ActiveCfg = Debug|Any CPU
		{371826A2-6B6B-42D0-A071-719D4805C590}.Debug|iPhone.Build.0 = Debug|Any CPU
		{371826A2-6B6B-42D0-A071-719D4805C590}.Debug|iPhone.Deploy.0 = Debug|Any CPU
		{371826A2-6B6B-42D0-A071-719D4805C590}.Debug|iPhoneSimulator.ActiveCfg = Debug|Any CPU
		{371826A2-6B6B-42D0-A071-719D4805C590}.Debug|iPhoneSimulator.Build.0 = Debug|Any CPU
		{371826A2-6B6B-42D0-A071-719D4805C590}.Debug|iPhoneSimulator.Deploy.0 = Debug|Any CPU
		{371826A2-6B6B-42D0-A071-719D4805C590}.Debug|x64.ActiveCfg = Debug|x64
		{371826A2-6B6B-42D0-A071-719D4805C590}.Debug|x64.Build.0 = Debug|x64
		{371826A2-6B6B-42D0-A071-719D4805C590}.Debug|x64.Deploy.0 = Debug|x64
		{371826A2-6B6B-42D0-A071-719D4805C590}.Debug|x86.ActiveCfg = Debug|x86
		{371826A2-6B6B-42D0-A071-719D4805C590}.Debug|x86.Build.0 = Debug|x86
		{371826A2-6B6B-42D0-A071-719D4805C590}.Debug|x86.Deploy.0 = Debug|x86
		{371826A2-6B6B-42D0-A071-719D4805C590}.Release|Any CPU.ActiveCfg = Release|Any CPU
		{371826A2-6B6B-42D0-A071-719D4805C590}.Release|Any CPU.Build.0 = Release|Any CPU
		{371826A2-6B6B-42D0-A071-719D4805C590}.Release|Any CPU.Deploy.0 = Release|Any CPU
		{371826A2-6B6B-42D0-A071-719D4805C590}.Release|ARM.ActiveCfg = Release|ARM
		{371826A2-6B6B-42D0-A071-719D4805C590}.Release|ARM.Build.0 = Release|ARM
		{371826A2-6B6B-42D0-A071-719D4805C590}.Release|ARM.Deploy.0 = Release|ARM
		{371826A2-6B6B-42D0-A071-719D4805C590}.Release|iPhone.ActiveCfg = Release|Any CPU
		{371826A2-6B6B-42D0-A071-719D4805C590}.Release|iPhone.Build.0 = Release|Any CPU
		{371826A2-6B6B-42D0-A071-719D4805C590}.Release|iPhone.Deploy.0 = Release|Any CPU
		{371826A2-6B6B-42D0-A071-719D4805C590}.Release|iPhoneSimulator.ActiveCfg = Release|Any CPU
		{371826A2-6B6B-42D0-A071-719D4805C590}.Release|iPhoneSimulator.Build.0 = Release|Any CPU
		{371826A2-6B6B-42D0-A071-719D4805C590}.Release|iPhoneSimulator.Deploy.0 = Release|Any CPU
		{371826A2-6B6B-42D0-A071-719D4805C590}.Release|x64.ActiveCfg = Release|x64
		{371826A2-6B6B-42D0-A071-719D4805C590}.Release|x64.Build.0 = Release|x64
		{371826A2-6B6B-42D0-A071-719D4805C590}.Release|x64.Deploy.0 = Release|x64
		{371826A2-6B6B-42D0-A071-719D4805C590}.Release|x86.ActiveCfg = Release|x86
		{371826A2-6B6B-42D0-A071-719D4805C590}.Release|x86.Build.0 = Release|x86
		{371826A2-6B6B-42D0-A071-719D4805C590}.Release|x86.Deploy.0 = Release|x86
	EndGlobalSection
	GlobalSection(SolutionProperties) = preSolution
		HideSolutionNode = FALSE
	EndGlobalSection
EndGlobal
